
Microsoft Visual Studio Solution File, Format Version 12.00
# Visual Studio Version 16
VisualStudioVersion = 25.0.1706.14
MinimumVisualStudioVersion = 10.0.40219.1
Project("{FAE04EC0-301F-11D3-BF4B-00C04F79EFBC}") = "BlogApp.BL", "BlogApp.BL.csproj", "{CF7BD38E-7AFA-498E-A751-57A58D9084AF}"
EndProject
Global
	GlobalSection(SolutionConfigurationPlatforms) = preSolution
		Debug|Any CPU = Debug|Any CPU
		Release|Any CPU = Release|Any CPU
	EndGlobalSection
	GlobalSection(ProjectConfigurationPlatforms) = postSolution
		{CF7BD38E-7AFA-498E-A751-57A58D9084AF}.Debug|Any CPU.ActiveCfg = Debug|Any CPU
		{CF7BD38E-7AFA-498E-A751-57A58D9084AF}.Debug|Any CPU.Build.0 = Debug|Any CPU
		{CF7BD38E-7AFA-498E-A751-57A58D9084AF}.Release|Any CPU.ActiveCfg = Release|Any CPU
		{CF7BD38E-7AFA-498E-A751-57A58D9084AF}.Release|Any CPU.Build.0 = Release|Any CPU
	EndGlobalSection
	GlobalSection(SolutionProperties) = preSolution
		HideSolutionNode = FALSE
	EndGlobalSection
	GlobalSection(ExtensibilityGlobals) = postSolution
		SolutionGuid = {52570C5D-F6C8-4526-97B9-ACB8DE19C2EA}
	EndGlobalSection
EndGlobal
